
Microsoft Visual Studio Solution File, Format Version 12.00
# Visual Studio Version 17
VisualStudioVersion = 17.4.33213.308
MinimumVisualStudioVersion = 10.0.40219.1
Project("{FAE04EC0-301F-11D3-BF4B-00C04F79EFBC}") = "SuperHero2Api", "SuperHero2\SuperHero2Api.csproj", "{DCB37605-F35A-4689-B2BA-AC7EA2896B32}"
EndProject
Global
	GlobalSection(SolutionConfigurationPlatforms) = preSolution
		Debug|Any CPU = Debug|Any CPU
		Release|Any CPU = Release|Any CPU
	EndGlobalSection
	GlobalSection(ProjectConfigurationPlatforms) = postSolution
		{DCB37605-F35A-4689-B2BA-AC7EA2896B32}.Debug|Any CPU.ActiveCfg = Debug|Any CPU
		{DCB37605-F35A-4689-B2BA-AC7EA2896B32}.Debug|Any CPU.Build.0 = Debug|Any CPU
		{DCB37605-F35A-4689-B2BA-AC7EA2896B32}.Release|Any CPU.ActiveCfg = Release|Any CPU
		{DCB37605-F35A-4689-B2BA-AC7EA2896B32}.Release|Any CPU.Build.0 = Release|Any CPU
	EndGlobalSection
	GlobalSection(SolutionProperties) = preSolution
		HideSolutionNode = FALSE
	EndGlobalSection
	GlobalSection(ExtensibilityGlobals) = postSolution
		SolutionGuid = {D39BC902-FD4A-422C-8666-5F3137F4EAFD}
	EndGlobalSection
EndGlobal
